
Microsoft Visual Studio Solution File, Format Version 12.00
# Visual Studio Version 17
VisualStudioVersion = 17.14.36616.10 d17.14
MinimumVisualStudioVersion = 10.0.40219.1
Project("{FAE04EC0-301F-11D3-BF4B-00C04F79EFBC}") = "WeatherProject", "WeatherProject.csproj", "{65097076-DE3F-F998-B6BF-21B4C3BD5A74}"
EndProject
Global
	GlobalSection(SolutionConfigurationPlatforms) = preSolution
		Debug|Any CPU = Debug|Any CPU
		Release|Any CPU = Release|Any CPU
	EndGlobalSection
	GlobalSection(ProjectConfigurationPlatforms) = postSolution
		{65097076-DE3F-F998-B6BF-21B4C3BD5A74}.Debug|Any CPU.ActiveCfg = Debug|Any CPU
		{65097076-DE3F-F998-B6BF-21B4C3BD5A74}.Debug|Any CPU.Build.0 = Debug|Any CPU
		{65097076-DE3F-F998-B6BF-21B4C3BD5A74}.Release|Any CPU.ActiveCfg = Release|Any CPU
		{65097076-DE3F-F998-B6BF-21B4C3BD5A74}.Release|Any CPU.Build.0 = Release|Any CPU
	EndGlobalSection
	GlobalSection(SolutionProperties) = preSolution
		HideSolutionNode = FALSE
	EndGlobalSection
	GlobalSection(ExtensibilityGlobals) = postSolution
		SolutionGuid = {7DEB2156-781D-4F99-8814-D42DDBD336FC}
	EndGlobalSection
EndGlobal
